
Microsoft Visual Studio Solution File, Format Version 12.00
# Visual Studio Version 16
VisualStudioVersion = 16.0.30517.126
MinimumVisualStudioVersion = 10.0.40219.1
Project("{FAE04EC0-301F-11D3-BF4B-00C04F79EFBC}") = "PracticalAssessment.Api", "PracticalAssessment.Api\PracticalAssessment.Api.csproj", "{3634D8F1-CA5B-4879-BE3D-C242DFB5D1F2}"
EndProject
Project("{FAE04EC0-301F-11D3-BF4B-00C04F79EFBC}") = "PracticalAssessment.Business", "PracticalAssessment.Business\PracticalAssessment.Business.csproj", "{37E26920-CC4B-46CE-9E71-1CA4912223B9}"
EndProject
Project("{FAE04EC0-301F-11D3-BF4B-00C04F79EFBC}") = "PracticalAssessment.DataAccessContract", "PracticalAssessment.DataAccessContract\PracticalAssessment.DataAccessContract.csproj", "{08921447-976B-4F9B-9258-5F9E943E1F63}"
EndProject
Project("{FAE04EC0-301F-11D3-BF4B-00C04F79EFBC}") = "PracticalAssessment.SqlDataAccess", "PracticalAssessment.SqlDataAccess\PracticalAssessment.SqlDataAccess.csproj", "{AB659F18-29C1-48BA-BDBC-6001842E25F2}"
EndProject
Global
	GlobalSection(SolutionConfigurationPlatforms) = preSolution
		Debug|Any CPU = Debug|Any CPU
		Release|Any CPU = Release|Any CPU
	EndGlobalSection
	GlobalSection(ProjectConfigurationPlatforms) = postSolution
		{3634D8F1-CA5B-4879-BE3D-C242DFB5D1F2}.Debug|Any CPU.ActiveCfg = Debug|Any CPU
		{3634D8F1-CA5B-4879-BE3D-C242DFB5D1F2}.Debug|Any CPU.Build.0 = Debug|Any CPU
		{3634D8F1-CA5B-4879-BE3D-C242DFB5D1F2}.Release|Any CPU.ActiveCfg = Release|Any CPU
		{3634D8F1-CA5B-4879-BE3D-C242DFB5D1F2}.Release|Any CPU.Build.0 = Release|Any CPU
		{37E26920-CC4B-46CE-9E71-1CA4912223B9}.Debug|Any CPU.ActiveCfg = Debug|Any CPU
		{37E26920-CC4B-46CE-9E71-1CA4912223B9}.Debug|Any CPU.Build.0 = Debug|Any CPU
		{37E26920-CC4B-46CE-9E71-1CA4912223B9}.Release|Any CPU.ActiveCfg = Release|Any CPU
		{37E26920-CC4B-46CE-9E71-1CA4912223B9}.Release|Any CPU.Build.0 = Release|Any CPU
		{08921447-976B-4F9B-9258-5F9E943E1F63}.Debug|Any CPU.ActiveCfg = Debug|Any CPU
		{08921447-976B-4F9B-9258-5F9E943E1F63}.Debug|Any CPU.Build.0 = Debug|Any CPU
		{08921447-976B-4F9B-9258-5F9E943E1F63}.Release|Any CPU.ActiveCfg = Release|Any CPU
		{08921447-976B-4F9B-9258-5F9E943E1F63}.Release|Any CPU.Build.0 = Release|Any CPU
		{AB659F18-29C1-48BA-BDBC-6001842E25F2}.Debug|Any CPU.ActiveCfg = Debug|Any CPU
		{AB659F18-29C1-48BA-BDBC-6001842E25F2}.Debug|Any CPU.Build.0 = Debug|Any CPU
		{AB659F18-29C1-48BA-BDBC-6001842E25F2}.Release|Any CPU.ActiveCfg = Release|Any CPU
		{AB659F18-29C1-48BA-BDBC-6001842E25F2}.Release|Any CPU.Build.0 = Release|Any CPU
	EndGlobalSection
	GlobalSection(SolutionProperties) = preSolution
		HideSolutionNode = FALSE
	EndGlobalSection
	GlobalSection(ExtensibilityGlobals) = postSolution
		SolutionGuid = {C048533C-42B9-429F-9609-4F525C2845B5}
	EndGlobalSection
EndGlobal
